
Microsoft Visual Studio Solution File, Format Version 12.00
# Visual Studio Version 17
VisualStudioVersion = 17.13.35919.96 d17.13
MinimumVisualStudioVersion = 10.0.40219.1
Project("{FAE04EC0-301F-11D3-BF4B-00C04F79EFBC}") = "viaCep", "viaCep\viaCep.csproj", "{AA21B10E-096D-421E-B578-7B1C528A57F9}"
EndProject
Global
	GlobalSection(SolutionConfigurationPlatforms) = preSolution
		Debug|Any CPU = Debug|Any CPU
		Release|Any CPU = Release|Any CPU
	EndGlobalSection
	GlobalSection(ProjectConfigurationPlatforms) = postSolution
		{AA21B10E-096D-421E-B578-7B1C528A57F9}.Debug|Any CPU.ActiveCfg = Debug|Any CPU
		{AA21B10E-096D-421E-B578-7B1C528A57F9}.Debug|Any CPU.Build.0 = Debug|Any CPU
		{AA21B10E-096D-421E-B578-7B1C528A57F9}.Release|Any CPU.ActiveCfg = Release|Any CPU
		{AA21B10E-096D-421E-B578-7B1C528A57F9}.Release|Any CPU.Build.0 = Release|Any CPU
	EndGlobalSection
	GlobalSection(SolutionProperties) = preSolution
		HideSolutionNode = FALSE
	EndGlobalSection
	GlobalSection(ExtensibilityGlobals) = postSolution
		SolutionGuid = {6FB25093-2447-4887-B43E-2B86B9A1D20C}
	EndGlobalSection
EndGlobal
